
Microsoft Visual Studio Solution File, Format Version 12.00
# Visual Studio Version 17
VisualStudioVersion = 17.11.35327.3
MinimumVisualStudioVersion = 10.0.40219.1
Project("{FAE04EC0-301F-11D3-BF4B-00C04F79EFBC}") = "03_MakingDecision", "03_MakingDecision\03_MakingDecision.csproj", "{0E6C95D5-A7F7-43B8-BD69-AB22AD90925A}"
EndProject
Global
	GlobalSection(SolutionConfigurationPlatforms) = preSolution
		Debug|Any CPU = Debug|Any CPU
		Release|Any CPU = Release|Any CPU
	EndGlobalSection
	GlobalSection(ProjectConfigurationPlatforms) = postSolution
		{0E6C95D5-A7F7-43B8-BD69-AB22AD90925A}.Debug|Any CPU.ActiveCfg = Debug|Any CPU
		{0E6C95D5-A7F7-43B8-BD69-AB22AD90925A}.Debug|Any CPU.Build.0 = Debug|Any CPU
		{0E6C95D5-A7F7-43B8-BD69-AB22AD90925A}.Release|Any CPU.ActiveCfg = Release|Any CPU
		{0E6C95D5-A7F7-43B8-BD69-AB22AD90925A}.Release|Any CPU.Build.0 = Release|Any CPU
	EndGlobalSection
	GlobalSection(SolutionProperties) = preSolution
		HideSolutionNode = FALSE
	EndGlobalSection
	GlobalSection(ExtensibilityGlobals) = postSolution
		SolutionGuid = {826591DF-3100-4B2D-9542-AFD08A791846}
	EndGlobalSection
EndGlobal
